
Microsoft Visual Studio Solution File, Format Version 12.00
# Visual Studio Version 17
VisualStudioVersion = 17.5.002.0
MinimumVisualStudioVersion = 10.0.40219.1
Project("{9A19103F-16F7-4668-BE54-9A1E7A4F7556}") = "GTImageDateFix", "GTImageDateFix\GTImageDateFix.csproj", "{0574D1BC-8C9E-4BC6-AA71-4F819BA6D769}"
EndProject
Project("{9A19103F-16F7-4668-BE54-9A1E7A4F7556}") = "GTHEICImageConverter", "GTHEICImageConverter\GTHEICImageConverter.csproj", "{FF317DA0-0300-4482-9ED7-FE789301E546}"
EndProject
Project("{9A19103F-16F7-4668-BE54-9A1E7A4F7556}") = "GTWebpImageConverter", "GTWebpImageConverter\GTWebpImageConverter.csproj", "{575CFB91-ADD1-42F7-88B7-64B00096217F}"
EndProject
Global
	GlobalSection(SolutionConfigurationPlatforms) = preSolution
		Debug|Any CPU = Debug|Any CPU
		Release|Any CPU = Release|Any CPU
	EndGlobalSection
	GlobalSection(ProjectConfigurationPlatforms) = postSolution
		{0574D1BC-8C9E-4BC6-AA71-4F819BA6D769}.Debug|Any CPU.ActiveCfg = Debug|Any CPU
		{0574D1BC-8C9E-4BC6-AA71-4F819BA6D769}.Debug|Any CPU.Build.0 = Debug|Any CPU
		{0574D1BC-8C9E-4BC6-AA71-4F819BA6D769}.Release|Any CPU.ActiveCfg = Release|Any CPU
		{0574D1BC-8C9E-4BC6-AA71-4F819BA6D769}.Release|Any CPU.Build.0 = Release|Any CPU
		{FF317DA0-0300-4482-9ED7-FE789301E546}.Debug|Any CPU.ActiveCfg = Debug|Any CPU
		{FF317DA0-0300-4482-9ED7-FE789301E546}.Debug|Any CPU.Build.0 = Debug|Any CPU
		{FF317DA0-0300-4482-9ED7-FE789301E546}.Release|Any CPU.ActiveCfg = Release|Any CPU
		{FF317DA0-0300-4482-9ED7-FE789301E546}.Release|Any CPU.Build.0 = Release|Any CPU
		{575CFB91-ADD1-42F7-88B7-64B00096217F}.Debug|Any CPU.ActiveCfg = Debug|Any CPU
		{575CFB91-ADD1-42F7-88B7-64B00096217F}.Debug|Any CPU.Build.0 = Debug|Any CPU
		{575CFB91-ADD1-42F7-88B7-64B00096217F}.Release|Any CPU.ActiveCfg = Release|Any CPU
		{575CFB91-ADD1-42F7-88B7-64B00096217F}.Release|Any CPU.Build.0 = Release|Any CPU
	EndGlobalSection
	GlobalSection(SolutionProperties) = preSolution
		HideSolutionNode = FALSE
	EndGlobalSection
	GlobalSection(ExtensibilityGlobals) = postSolution
		SolutionGuid = {2BD3A917-FB5F-4408-B7BB-8349679E97E2}
	EndGlobalSection
EndGlobal
